
Microsoft Visual Studio Solution File, Format Version 12.00
# Visual Studio Version 16
VisualStudioVersion = 16.0.29424.173
MinimumVisualStudioVersion = 10.0.40219.1
Project("{FAE04EC0-301F-11D3-BF4B-00C04F79EFBC}") = "TheShop", "TheShop\TheShop.csproj", "{72C6A701-A607-4030-8A52-D004440C2AA1}"
EndProject
Project("{FAE04EC0-301F-11D3-BF4B-00C04F79EFBC}") = "TheShop.Domain", "TheShop.Domain\TheShop.Domain.csproj", "{2024A079-DEA5-4DEA-BDC4-82E361EAFE03}"
EndProject
Project("{FAE04EC0-301F-11D3-BF4B-00C04F79EFBC}") = "TheShop.Data", "TheShop.Data\TheShop.Data.csproj", "{45E8ED31-5E08-4D1F-A45E-FB60235771B3}"
EndProject
Project("{FAE04EC0-301F-11D3-BF4B-00C04F79EFBC}") = "TheShop.Application", "TheShop.Application\TheShop.Application.csproj", "{796FF16C-B7F0-42DA-806B-57735B87C056}"
EndProject
Project("{FAE04EC0-301F-11D3-BF4B-00C04F79EFBC}") = "TheShop.Supplier.Domain", "TheShop.Supplier.Domain\TheShop.Supplier.Domain.csproj", "{8397E27C-5FF0-4FC0-8D7B-A579D73D27B5}"
EndProject
Project("{2150E333-8FDC-42A3-9474-1A3956D46DE8}") = "Article", "Article", "{85467605-2E54-4B1D-9E55-F653FAD24499}"
EndProject
Project("{2150E333-8FDC-42A3-9474-1A3956D46DE8}") = "Supplier", "Supplier", "{2525BFB9-3002-4E5F-AD31-ED7627518F38}"
EndProject
Project("{2150E333-8FDC-42A3-9474-1A3956D46DE8}") = "Domain", "Domain", "{D687BAF7-82ED-407E-B580-AAD8AA4773DF}"
EndProject
Project("{FAE04EC0-301F-11D3-BF4B-00C04F79EFBC}") = "TheShop.Core", "TheShop.Core\TheShop.Core.csproj", "{82B6DAF0-8753-4C44-8D5D-4235D4E695B0}"
EndProject
Global
	GlobalSection(SolutionConfigurationPlatforms) = preSolution
		Debug|Any CPU = Debug|Any CPU
		Release|Any CPU = Release|Any CPU
	EndGlobalSection
	GlobalSection(ProjectConfigurationPlatforms) = postSolution
		{72C6A701-A607-4030-8A52-D004440C2AA1}.Debug|Any CPU.ActiveCfg = Debug|Any CPU
		{72C6A701-A607-4030-8A52-D004440C2AA1}.Debug|Any CPU.Build.0 = Debug|Any CPU
		{72C6A701-A607-4030-8A52-D004440C2AA1}.Release|Any CPU.ActiveCfg = Release|Any CPU
		{72C6A701-A607-4030-8A52-D004440C2AA1}.Release|Any CPU.Build.0 = Release|Any CPU
		{2024A079-DEA5-4DEA-BDC4-82E361EAFE03}.Debug|Any CPU.ActiveCfg = Debug|Any CPU
		{2024A079-DEA5-4DEA-BDC4-82E361EAFE03}.Debug|Any CPU.Build.0 = Debug|Any CPU
		{2024A079-DEA5-4DEA-BDC4-82E361EAFE03}.Release|Any CPU.ActiveCfg = Release|Any CPU
		{2024A079-DEA5-4DEA-BDC4-82E361EAFE03}.Release|Any CPU.Build.0 = Release|Any CPU
		{45E8ED31-5E08-4D1F-A45E-FB60235771B3}.Debug|Any CPU.ActiveCfg = Debug|Any CPU
		{45E8ED31-5E08-4D1F-A45E-FB60235771B3}.Debug|Any CPU.Build.0 = Debug|Any CPU
		{45E8ED31-5E08-4D1F-A45E-FB60235771B3}.Release|Any CPU.ActiveCfg = Release|Any CPU
		{45E8ED31-5E08-4D1F-A45E-FB60235771B3}.Release|Any CPU.Build.0 = Release|Any CPU
		{796FF16C-B7F0-42DA-806B-57735B87C056}.Debug|Any CPU.ActiveCfg = Debug|Any CPU
		{796FF16C-B7F0-42DA-806B-57735B87C056}.Debug|Any CPU.Build.0 = Debug|Any CPU
		{796FF16C-B7F0-42DA-806B-57735B87C056}.Release|Any CPU.ActiveCfg = Release|Any CPU
		{796FF16C-B7F0-42DA-806B-57735B87C056}.Release|Any CPU.Build.0 = Release|Any CPU
		{8397E27C-5FF0-4FC0-8D7B-A579D73D27B5}.Debug|Any CPU.ActiveCfg = Debug|Any CPU
		{8397E27C-5FF0-4FC0-8D7B-A579D73D27B5}.Debug|Any CPU.Build.0 = Debug|Any CPU
		{8397E27C-5FF0-4FC0-8D7B-A579D73D27B5}.Release|Any CPU.ActiveCfg = Release|Any CPU
		{8397E27C-5FF0-4FC0-8D7B-A579D73D27B5}.Release|Any CPU.Build.0 = Release|Any CPU
		{82B6DAF0-8753-4C44-8D5D-4235D4E695B0}.Debug|Any CPU.ActiveCfg = Debug|Any CPU
		{82B6DAF0-8753-4C44-8D5D-4235D4E695B0}.Debug|Any CPU.Build.0 = Debug|Any CPU
		{82B6DAF0-8753-4C44-8D5D-4235D4E695B0}.Release|Any CPU.ActiveCfg = Release|Any CPU
		{82B6DAF0-8753-4C44-8D5D-4235D4E695B0}.Release|Any CPU.Build.0 = Release|Any CPU
	EndGlobalSection
	GlobalSection(SolutionProperties) = preSolution
		HideSolutionNode = FALSE
	EndGlobalSection
	GlobalSection(NestedProjects) = preSolution
		{72C6A701-A607-4030-8A52-D004440C2AA1} = {85467605-2E54-4B1D-9E55-F653FAD24499}
		{2024A079-DEA5-4DEA-BDC4-82E361EAFE03} = {85467605-2E54-4B1D-9E55-F653FAD24499}
		{45E8ED31-5E08-4D1F-A45E-FB60235771B3} = {85467605-2E54-4B1D-9E55-F653FAD24499}
		{796FF16C-B7F0-42DA-806B-57735B87C056} = {85467605-2E54-4B1D-9E55-F653FAD24499}
		{8397E27C-5FF0-4FC0-8D7B-A579D73D27B5} = {2525BFB9-3002-4E5F-AD31-ED7627518F38}
		{82B6DAF0-8753-4C44-8D5D-4235D4E695B0} = {D687BAF7-82ED-407E-B580-AAD8AA4773DF}
	EndGlobalSection
	GlobalSection(ExtensibilityGlobals) = postSolution
		SolutionGuid = {4AED31B5-016C-4325-B4E1-414413C0F084}
	EndGlobalSection
EndGlobal
